{
  "name": "@pown/async",
  "version": "2.1.0",
  "lockfileVersion": 1,
  "requires": true,
  "dependencies": {
    "bottleneck": {
      "version": "2.17.0",
      "resolved": "https://registry.npmjs.org/bottleneck/-/bottleneck-2.17.0.tgz",
      "integrity": "sha512-0WpG/tVEBkhl9LLAFcjMTWhzQvLCYTD4wNlvtf+BZ9Q9xkMVpP5TbGPKkj2sADZtC/GQqgUMF2ij/7nD3abFLg=="
    }
  }
}
