{
  "name": "@pown/async",
  "version": "2.0.1",
  "lockfileVersion": 1,
  "requires": true,
  "dependencies": {
    "bottleneck": {
      "version": "2.15.3",
      "resolved": "https://registry.npmjs.org/bottleneck/-/bottleneck-2.15.3.tgz",
      "integrity": "sha512-2sHF/gMwTshF//gQninQBEHDNBXuvDLfSczPHpDc2U/9SC+P/97Zt01hy7UTEV0atSZ9BQBIHsdju/6wn7m4+w=="
    }
  }
}
